// !$*UTF8*$!
{
	archiveVersion = 1;
	classes = {
	};
	objectVersion = 50;
	objects = {

/* Begin PBXBuildFile section */
		D90CDCEE248A26B000198F76 /* EventSectionCell.swift in Sources */ = {isa = PBXBuildFile; fileRef = D90CDCED248A26B000198F76 /* EventSectionCell.swift */; };
		D9257DA8248A3FEF00EB119B /* Item.swift in Sources */ = {isa = PBXBuildFile; fileRef = D9257DA7248A3FEF00EB119B /* Item.swift */; };
		D9257DAA248A4AC600EB119B /* PromotedItem.swift in Sources */ = {isa = PBXBuildFile; fileRef = D9257DA9248A4AC600EB119B /* PromotedItem.swift */; };
		D9458CC224894C3800EA3F4A /* NewArrivalItemCell.swift in Sources */ = {isa = PBXBuildFile; fileRef = D9458CC124894C3800EA3F4A /* NewArrivalItemCell.swift */; };
		D9637F2324864A010007A0E7 /* AppDelegate.swift in Sources */ = {isa = PBXBuildFile; fileRef = D9637F2224864A010007A0E7 /* AppDelegate.swift */; };
		D9637F2524864A010007A0E7 /* SceneDelegate.swift in Sources */ = {isa = PBXBuildFile; fileRef = D9637F2424864A010007A0E7 /* SceneDelegate.swift */; };
		D9637F2C24864A060007A0E7 /* Assets.xcassets in Resources */ = {isa = PBXBuildFile; fileRef = D9637F2B24864A060007A0E7 /* Assets.xcassets */; };
		D9637F2F24864A060007A0E7 /* LaunchScreen.storyboard in Resources */ = {isa = PBXBuildFile; fileRef = D9637F2D24864A060007A0E7 /* LaunchScreen.storyboard */; };
		D9637F3A24864E650007A0E7 /* TabBarController.swift in Sources */ = {isa = PBXBuildFile; fileRef = D9637F3924864E650007A0E7 /* TabBarController.swift */; };
		D9637F3C248652440007A0E7 /* HomeController.swift in Sources */ = {isa = PBXBuildFile; fileRef = D9637F3B248652440007A0E7 /* HomeController.swift */; };
		D9637F3E24865C8B0007A0E7 /* CategoryController.swift in Sources */ = {isa = PBXBuildFile; fileRef = D9637F3D24865C8B0007A0E7 /* CategoryController.swift */; };
		D9657359248DFA8D003E1281 /* ProductDetailController.swift in Sources */ = {isa = PBXBuildFile; fileRef = D9657358248DFA8D003E1281 /* ProductDetailController.swift */; };
		D9B76A9D24966D6000E259F1 /* AuthService.swift in Sources */ = {isa = PBXBuildFile; fileRef = D9B76A9C24966D6000E259F1 /* AuthService.swift */; };
		D9B76A9F249670EF00E259F1 /* LoginController.swift in Sources */ = {isa = PBXBuildFile; fileRef = D9B76A9E249670EF00E259F1 /* LoginController.swift */; };
		D9C69C972488C7B100A5C8A4 /* FirstSectionCell.swift in Sources */ = {isa = PBXBuildFile; fileRef = D9C69C962488C7B100A5C8A4 /* FirstSectionCell.swift */; };
		D9C69C992488C7FC00A5C8A4 /* BaseCell.swift in Sources */ = {isa = PBXBuildFile; fileRef = D9C69C982488C7FC00A5C8A4 /* BaseCell.swift */; };
		D9C69C9C2488CA4100A5C8A4 /* Extensions.swift in Sources */ = {isa = PBXBuildFile; fileRef = D9C69C9B2488CA4100A5C8A4 /* Extensions.swift */; };
		D9C69C9E2488D3FF00A5C8A4 /* OddSectionCell.swift in Sources */ = {isa = PBXBuildFile; fileRef = D9C69C9D2488D3FF00A5C8A4 /* OddSectionCell.swift */; };
		D9F5364124867D8900BBF0DB /* AccountController.swift in Sources */ = {isa = PBXBuildFile; fileRef = D9F5364024867D8900BBF0DB /* AccountController.swift */; };
		D9F5364324867DBB00BBF0DB /* BagController.swift in Sources */ = {isa = PBXBuildFile; fileRef = D9F5364224867DBB00BBF0DB /* BagController.swift */; };
		D9F536472486832A00BBF0DB /* CategoryCell.swift in Sources */ = {isa = PBXBuildFile; fileRef = D9F536462486832A00BBF0DB /* CategoryCell.swift */; };
		D9F5364C2486859500BBF0DB /* CacheImageView.swift in Sources */ = {isa = PBXBuildFile; fileRef = D9F5364B2486859500BBF0DB /* CacheImageView.swift */; };
		D9F5364F248688B600BBF0DB /* Category.swift in Sources */ = {isa = PBXBuildFile; fileRef = D9F5364E248688B600BBF0DB /* Category.swift */; };
		D9FE767E248E6B90007D4393 /* BagCell.swift in Sources */ = {isa = PBXBuildFile; fileRef = D9FE767D248E6B90007D4393 /* BagCell.swift */; };
/* End PBXBuildFile section */

/* Begin PBXFileReference section */
		D90CDCED248A26B000198F76 /* EventSectionCell.swift */ = {isa = PBXFileReference; lastKnownFileType = sourcecode.swift; path = EventSectionCell.swift; sourceTree = "<group>"; };
		D9257DA7248A3FEF00EB119B /* Item.swift */ = {isa = PBXFileReference; lastKnownFileType = sourcecode.swift; path = Item.swift; sourceTree = "<group>"; };
		D9257DA9248A4AC600EB119B /* PromotedItem.swift */ = {isa = PBXFileReference; lastKnownFileType = sourcecode.swift; path = PromotedItem.swift; sourceTree = "<group>"; };
		D9458CC124894C3800EA3F4A /* NewArrivalItemCell.swift */ = {isa = PBXFileReference; lastKnownFileType = sourcecode.swift; path = NewArrivalItemCell.swift; sourceTree = "<group>"; };
		D9637F1F24864A010007A0E7 /* Shoppie.app */ = {isa = PBXFileReference; explicitFileType = wrapper.application; includeInIndex = 0; path = Shoppie.app; sourceTree = BUILT_PRODUCTS_DIR; };
		D9637F2224864A010007A0E7 /* AppDelegate.swift */ = {isa = PBXFileReference; lastKnownFileType = sourcecode.swift; path = AppDelegate.swift; sourceTree = "<group>"; };
		D9637F2424864A010007A0E7 /* SceneDelegate.swift */ = {isa = PBXFileReference; lastKnownFileType = sourcecode.swift; path = SceneDelegate.swift; sourceTree = "<group>"; };
		D9637F2B24864A060007A0E7 /* Assets.xcassets */ = {isa = PBXFileReference; lastKnownFileType = folder.assetcatalog; path = Assets.xcassets; sourceTree = "<group>"; };
		D9637F2E24864A060007A0E7 /* Base */ = {isa = PBXFileReference; lastKnownFileType = file.storyboard; name = Base; path = Base.lproj/LaunchScreen.storyboard; sourceTree = "<group>"; };
		D9637F3024864A060007A0E7 /* Info.plist */ = {isa = PBXFileReference; lastKnownFileType = text.plist.xml; path = Info.plist; sourceTree = "<group>"; };
		D9637F3924864E650007A0E7 /* TabBarController.swift */ = {isa = PBXFileReference; lastKnownFileType = sourcecode.swift; path = TabBarController.swift; sourceTree = "<group>"; };
		D9637F3B248652440007A0E7 /* HomeController.swift */ = {isa = PBXFileReference; lastKnownFileType = sourcecode.swift; path = HomeController.swift; sourceTree = "<group>"; };
		D9637F3D24865C8B0007A0E7 /* CategoryController.swift */ = {isa = PBXFileReference; lastKnownFileType = sourcecode.swift; path = CategoryController.swift; sourceTree = "<group>"; };
		D9657358248DFA8D003E1281 /* ProductDetailController.swift */ = {isa = PBXFileReference; lastKnownFileType = sourcecode.swift; path = ProductDetailController.swift; sourceTree = "<group>"; };
		D9B76A9C24966D6000E259F1 /* AuthService.swift */ = {isa = PBXFileReference; lastKnownFileType = sourcecode.swift; path = AuthService.swift; sourceTree = "<group>"; };
		D9B76A9E249670EF00E259F1 /* LoginController.swift */ = {isa = PBXFileReference; lastKnownFileType = sourcecode.swift; path = LoginController.swift; sourceTree = "<group>"; };
		D9C69C962488C7B100A5C8A4 /* FirstSectionCell.swift */ = {isa = PBXFileReference; lastKnownFileType = sourcecode.swift; path = FirstSectionCell.swift; sourceTree = "<group>"; };
		D9C69C982488C7FC00A5C8A4 /* BaseCell.swift */ = {isa = PBXFileReference; lastKnownFileType = sourcecode.swift; path = BaseCell.swift; sourceTree = "<group>"; };
		D9C69C9B2488CA4100A5C8A4 /* Extensions.swift */ = {isa = PBXFileReference; lastKnownFileType = sourcecode.swift; path = Extensions.swift; sourceTree = "<group>"; };
		D9C69C9D2488D3FF00A5C8A4 /* OddSectionCell.swift */ = {isa = PBXFileReference; lastKnownFileType = sourcecode.swift; path = OddSectionCell.swift; sourceTree = "<group>"; };
		D9F5364024867D8900BBF0DB /* AccountController.swift */ = {isa = PBXFileReference; lastKnownFileType = sourcecode.swift; path = AccountController.swift; sourceTree = "<group>"; };
		D9F5364224867DBB00BBF0DB /* BagController.swift */ = {isa = PBXFileReference; lastKnownFileType = sourcecode.swift; path = BagController.swift; sourceTree = "<group>"; };
		D9F536462486832A00BBF0DB /* CategoryCell.swift */ = {isa = PBXFileReference; lastKnownFileType = sourcecode.swift; path = CategoryCell.swift; sourceTree = "<group>"; };
		D9F5364B2486859500BBF0DB /* CacheImageView.swift */ = {isa = PBXFileReference; lastKnownFileType = sourcecode.swift; path = CacheImageView.swift; sourceTree = "<group>"; };
		D9F5364E248688B600BBF0DB /* Category.swift */ = {isa = PBXFileReference; lastKnownFileType = sourcecode.swift; path = Category.swift; sourceTree = "<group>"; };
		D9FE767D248E6B90007D4393 /* BagCell.swift */ = {isa = PBXFileReference; lastKnownFileType = sourcecode.swift; path = BagCell.swift; sourceTree = "<group>"; };
/* End PBXFileReference section */

/* Begin PBXFrameworksBuildPhase section */
		D9637F1C24864A010007A0E7 /* Frameworks */ = {
			isa = PBXFrameworksBuildPhase;
			buildActionMask = 2147483647;
			files = (
			);
			runOnlyForDeploymentPostprocessing = 0;
		};
/* End PBXFrameworksBuildPhase section */

/* Begin PBXGroup section */
		D9637F1624864A010007A0E7 = {
			isa = PBXGroup;
			children = (
				D9637F2124864A010007A0E7 /* Shoppie */,
				D9637F2024864A010007A0E7 /* Products */,
			);
			sourceTree = "<group>";
		};
		D9637F2024864A010007A0E7 /* Products */ = {
			isa = PBXGroup;
			children = (
				D9637F1F24864A010007A0E7 /* Shoppie.app */,
			);
			name = Products;
			sourceTree = "<group>";
		};
		D9637F2124864A010007A0E7 /* Shoppie */ = {
			isa = PBXGroup;
			children = (
				D9B76A9924966D0A00E259F1 /* Services */,
				D9F5364D248688A300BBF0DB /* Models */,
				D9F536482486853800BBF0DB /* Supporting Files */,
				D9F536442486820300BBF0DB /* Views */,
				D9637F3624864C260007A0E7 /* Controllers */,
				D9637F2224864A010007A0E7 /* AppDelegate.swift */,
				D9637F2424864A010007A0E7 /* SceneDelegate.swift */,
				D9637F2B24864A060007A0E7 /* Assets.xcassets */,
				D9637F2D24864A060007A0E7 /* LaunchScreen.storyboard */,
				D9637F3024864A060007A0E7 /* Info.plist */,
			);
			path = Shoppie;
			sourceTree = "<group>";
		};
		D9637F3624864C260007A0E7 /* Controllers */ = {
			isa = PBXGroup;
			children = (
				D9637F3924864E650007A0E7 /* TabBarController.swift */,
				D9637F3B248652440007A0E7 /* HomeController.swift */,
				D9637F3D24865C8B0007A0E7 /* CategoryController.swift */,
				D9F5364024867D8900BBF0DB /* AccountController.swift */,
				D9F5364224867DBB00BBF0DB /* BagController.swift */,
				D9657358248DFA8D003E1281 /* ProductDetailController.swift */,
				D9B76A9E249670EF00E259F1 /* LoginController.swift */,
			);
			path = Controllers;
			sourceTree = "<group>";
		};
		D9B76A9924966D0A00E259F1 /* Services */ = {
			isa = PBXGroup;
			children = (
				D9B76A9C24966D6000E259F1 /* AuthService.swift */,
			);
			path = Services;
			sourceTree = "<group>";
		};
		D9C69C9A2488C91D00A5C8A4 /* Home Screen Cells */ = {
			isa = PBXGroup;
			children = (
				D9C69C962488C7B100A5C8A4 /* FirstSectionCell.swift */,
				D9C69C9D2488D3FF00A5C8A4 /* OddSectionCell.swift */,
				D9458CC124894C3800EA3F4A /* NewArrivalItemCell.swift */,
				D90CDCED248A26B000198F76 /* EventSectionCell.swift */,
			);
			path = "Home Screen Cells";
			sourceTree = "<group>";
		};
		D9F536442486820300BBF0DB /* Views */ = {
			isa = PBXGroup;
			children = (
				D9F536452486820E00BBF0DB /* Cells */,
				D9F5364B2486859500BBF0DB /* CacheImageView.swift */,
			);
			path = Views;
			sourceTree = "<group>";
		};
		D9F536452486820E00BBF0DB /* Cells */ = {
			isa = PBXGroup;
			children = (
				D9C69C9A2488C91D00A5C8A4 /* Home Screen Cells */,
				D9F536462486832A00BBF0DB /* CategoryCell.swift */,
				D9C69C982488C7FC00A5C8A4 /* BaseCell.swift */,
				D9FE767D248E6B90007D4393 /* BagCell.swift */,
			);
			path = Cells;
			sourceTree = "<group>";
		};
		D9F536482486853800BBF0DB /* Supporting Files */ = {
			isa = PBXGroup;
			children = (
				D9C69C9B2488CA4100A5C8A4 /* Extensions.swift */,
			);
			path = "Supporting Files";
			sourceTree = "<group>";
		};
		D9F5364D248688A300BBF0DB /* Models */ = {
			isa = PBXGroup;
			children = (
				D9F5364E248688B600BBF0DB /* Category.swift */,
				D9257DA7248A3FEF00EB119B /* Item.swift */,
				D9257DA9248A4AC600EB119B /* PromotedItem.swift */,
			);
			path = Models;
			sourceTree = "<group>";
		};
/* End PBXGroup section */

/* Begin PBXNativeTarget section */
		D9637F1E24864A010007A0E7 /* Shoppie */ = {
			isa = PBXNativeTarget;
			buildConfigurationList = D9637F3324864A060007A0E7 /* Build configuration list for PBXNativeTarget "Shoppie" */;
			buildPhases = (
				D9637F1B24864A010007A0E7 /* Sources */,
				D9637F1C24864A010007A0E7 /* Frameworks */,
				D9637F1D24864A010007A0E7 /* Resources */,
			);
			buildRules = (
			);
			dependencies = (
			);
			name = Shoppie;
			productName = Shoppie;
			productReference = D9637F1F24864A010007A0E7 /* Shoppie.app */;
			productType = "com.apple.product-type.application";
		};
/* End PBXNativeTarget section */

/* Begin PBXProject section */
		D9637F1724864A010007A0E7 /* Project object */ = {
			isa = PBXProject;
			attributes = {
				LastSwiftUpdateCheck = 1130;
				LastUpgradeCheck = 1130;
				ORGANIZATIONNAME = Myanmy;
				TargetAttributes = {
					D9637F1E24864A010007A0E7 = {
						CreatedOnToolsVersion = 11.3.1;
					};
				};
			};
			buildConfigurationList = D9637F1A24864A010007A0E7 /* Build configuration list for PBXProject "Shoppie" */;
			compatibilityVersion = "Xcode 9.3";
			developmentRegion = en;
			hasScannedForEncodings = 0;
			knownRegions = (
				en,
				Base,
			);
			mainGroup = D9637F1624864A010007A0E7;
			productRefGroup = D9637F2024864A010007A0E7 /* Products */;
			projectDirPath = "";
			projectRoot = "";
			targets = (
				D9637F1E24864A010007A0E7 /* Shoppie */,
			);
		};
/* End PBXProject section */

/* Begin PBXResourcesBuildPhase section */
		D9637F1D24864A010007A0E7 /* Resources */ = {
			isa = PBXResourcesBuildPhase;
			buildActionMask = 2147483647;
			files = (
				D9637F2F24864A060007A0E7 /* LaunchScreen.storyboard in Resources */,
				D9637F2C24864A060007A0E7 /* Assets.xcassets in Resources */,
			);
			runOnlyForDeploymentPostprocessing = 0;
		};
/* End PBXResourcesBuildPhase section */

/* Begin PBXSourcesBuildPhase section */
		D9637F1B24864A010007A0E7 /* Sources */ = {
			isa = PBXSourcesBuildPhase;
			buildActionMask = 2147483647;
			files = (
				D9637F3C248652440007A0E7 /* HomeController.swift in Sources */,
				D90CDCEE248A26B000198F76 /* EventSectionCell.swift in Sources */,
				D9257DA8248A3FEF00EB119B /* Item.swift in Sources */,
				D9F5364F248688B600BBF0DB /* Category.swift in Sources */,
				D9C69C972488C7B100A5C8A4 /* FirstSectionCell.swift in Sources */,
				D9637F3E24865C8B0007A0E7 /* CategoryController.swift in Sources */,
				D9B76A9D24966D6000E259F1 /* AuthService.swift in Sources */,
				D9FE767E248E6B90007D4393 /* BagCell.swift in Sources */,
				D9C69C9E2488D3FF00A5C8A4 /* OddSectionCell.swift in Sources */,
				D9C69C992488C7FC00A5C8A4 /* BaseCell.swift in Sources */,
				D9637F3A24864E650007A0E7 /* TabBarController.swift in Sources */,
				D9B76A9F249670EF00E259F1 /* LoginController.swift in Sources */,
				D9F536472486832A00BBF0DB /* CategoryCell.swift in Sources */,
				D9F5364124867D8900BBF0DB /* AccountController.swift in Sources */,
				D9C69C9C2488CA4100A5C8A4 /* Extensions.swift in Sources */,
				D9637F2324864A010007A0E7 /* AppDelegate.swift in Sources */,
				D9F5364C2486859500BBF0DB /* CacheImageView.swift in Sources */,
				D9257DAA248A4AC600EB119B /* PromotedItem.swift in Sources */,
				D9657359248DFA8D003E1281 /* ProductDetailController.swift in Sources */,
				D9637F2524864A010007A0E7 /* SceneDelegate.swift in Sources */,
				D9458CC224894C3800EA3F4A /* NewArrivalItemCell.swift in Sources */,
				D9F5364324867DBB00BBF0DB /* BagController.swift in Sources */,
			);
			runOnlyForDeploymentPostprocessing = 0;
		};
/* End PBXSourcesBuildPhase section */

/* Begin PBXVariantGroup section */
		D9637F2D24864A060007A0E7 /* LaunchScreen.storyboard */ = {
			isa = PBXVariantGroup;
			children = (
				D9637F2E24864A060007A0E7 /* Base */,
			);
			name = LaunchScreen.storyboard;
			sourceTree = "<group>";
		};
/* End PBXVariantGroup section */

/* Begin XCBuildConfiguration section */
		D9637F3124864A060007A0E7 /* Debug */ = {
			isa = XCBuildConfiguration;
			buildSettings = {
				ALWAYS_SEARCH_USER_PATHS = NO;
				CLANG_ANALYZER_NONNULL = YES;
				CLANG_ANALYZER_NUMBER_OBJECT_CONVERSION = YES_AGGRESSIVE;
				CLANG_CXX_LANGUAGE_STANDARD = "gnu++14";
				CLANG_CXX_LIBRARY = "libc++";
				CLANG_ENABLE_MODULES = YES;
				CLANG_ENABLE_OBJC_ARC = YES;
				CLANG_ENABLE_OBJC_WEAK = YES;
				CLANG_WARN_BLOCK_CAPTURE_AUTORELEASING = YES;
				CLANG_WARN_BOOL_CONVERSION = YES;
				CLANG_WARN_COMMA = YES;
				CLANG_WARN_CONSTANT_CONVERSION = YES;
				CLANG_WARN_DEPRECATED_OBJC_IMPLEMENTATIONS = YES;
				CLANG_WARN_DIRECT_OBJC_ISA_USAGE = YES_ERROR;
				CLANG_WARN_DOCUMENTATION_COMMENTS = YES;
				CLANG_WARN_EMPTY_BODY = YES;
				CLANG_WARN_ENUM_CONVERSION = YES;
				CLANG_WARN_INFINITE_RECURSION = YES;
				CLANG_WARN_INT_CONVERSION = YES;
				CLANG_WARN_NON_LITERAL_NULL_CONVERSION = YES;
				CLANG_WARN_OBJC_IMPLICIT_RETAIN_SELF = YES;
				CLANG_WARN_OBJC_LITERAL_CONVERSION = YES;
				CLANG_WARN_OBJC_ROOT_CLASS = YES_ERROR;
				CLANG_WARN_RANGE_LOOP_ANALYSIS = YES;
				CLANG_WARN_STRICT_PROTOTYPES = YES;
				CLANG_WARN_SUSPICIOUS_MOVE = YES;
				CLANG_WARN_UNGUARDED_AVAILABILITY = YES_AGGRESSIVE;
				CLANG_WARN_UNREACHABLE_CODE = YES;
				CLANG_WARN__DUPLICATE_METHOD_MATCH = YES;
				COPY_PHASE_STRIP = NO;
				DEBUG_INFORMATION_FORMAT = dwarf;
				ENABLE_STRICT_OBJC_MSGSEND = YES;
				ENABLE_TESTABILITY = YES;
				GCC_C_LANGUAGE_STANDARD = gnu11;
				GCC_DYNAMIC_NO_PIC = NO;
				GCC_NO_COMMON_BLOCKS = YES;
				GCC_OPTIMIZATION_LEVEL = 0;
				GCC_PREPROCESSOR_DEFINITIONS = (
					"DEBUG=1",
					"$(inherited)",
				);
				GCC_WARN_64_TO_32_BIT_CONVERSION = YES;
				GCC_WARN_ABOUT_RETURN_TYPE = YES_ERROR;
				GCC_WARN_UNDECLARED_SELECTOR = YES;
				GCC_WARN_UNINITIALIZED_AUTOS = YES_AGGRESSIVE;
				GCC_WARN_UNUSED_FUNCTION = YES;
				GCC_WARN_UNUSED_VARIABLE = YES;
				IPHONEOS_DEPLOYMENT_TARGET = 13.2;
				MTL_ENABLE_DEBUG_INFO = INCLUDE_SOURCE;
				MTL_FAST_MATH = YES;
				ONLY_ACTIVE_ARCH = YES;
				SDKROOT = iphoneos;
				SWIFT_ACTIVE_COMPILATION_CONDITIONS = DEBUG;
				SWIFT_OPTIMIZATION_LEVEL = "-Onone";
			};
			name = Debug;
		};
		D9637F3224864A060007A0E7 /* Release */ = {
			isa = XCBuildConfiguration;
			buildSettings = {
				ALWAYS_SEARCH_USER_PATHS = NO;
				CLANG_ANALYZER_NONNULL = YES;
				CLANG_ANALYZER_NUMBER_OBJECT_CONVERSION = YES_AGGRESSIVE;
				CLANG_CXX_LANGUAGE_STANDARD = "gnu++14";
				CLANG_CXX_LIBRARY = "libc++";
				CLANG_ENABLE_MODULES = YES;
				CLANG_ENABLE_OBJC_ARC = YES;
				CLANG_ENABLE_OBJC_WEAK = YES;
				CLANG_WARN_BLOCK_CAPTURE_AUTORELEASING = YES;
				CLANG_WARN_BOOL_CONVERSION = YES;
				CLANG_WARN_COMMA = YES;
				CLANG_WARN_CONSTANT_CONVERSION = YES;
				CLANG_WARN_DEPRECATED_OBJC_IMPLEMENTATIONS = YES;
				CLANG_WARN_DIRECT_OBJC_ISA_USAGE = YES_ERROR;
				CLANG_WARN_DOCUMENTATION_COMMENTS = YES;
				CLANG_WARN_EMPTY_BODY = YES;
				CLANG_WARN_ENUM_CONVERSION = YES;
				CLANG_WARN_INFINITE_RECURSION = YES;
				CLANG_WARN_INT_CONVERSION = YES;
				CLANG_WARN_NON_LITERAL_NULL_CONVERSION = YES;
				CLANG_WARN_OBJC_IMPLICIT_RETAIN_SELF = YES;
				CLANG_WARN_OBJC_LITERAL_CONVERSION = YES;
				CLANG_WARN_OBJC_ROOT_CLASS = YES_ERROR;
				CLANG_WARN_RANGE_LOOP_ANALYSIS = YES;
				CLANG_WARN_STRICT_PROTOTYPES = YES;
				CLANG_WARN_SUSPICIOUS_MOVE = YES;
				CLANG_WARN_UNGUARDED_AVAILABILITY = YES_AGGRESSIVE;
				CLANG_WARN_UNREACHABLE_CODE = YES;
				CLANG_WARN__DUPLICATE_METHOD_MATCH = YES;
				COPY_PHASE_STRIP = NO;
				DEBUG_INFORMATION_FORMAT = "dwarf-with-dsym";
				ENABLE_NS_ASSERTIONS = NO;
				ENABLE_STRICT_OBJC_MSGSEND = YES;
				GCC_C_LANGUAGE_STANDARD = gnu11;
				GCC_NO_COMMON_BLOCKS = YES;
				GCC_WARN_64_TO_32_BIT_CONVERSION = YES;
				GCC_WARN_ABOUT_RETURN_TYPE = YES_ERROR;
				GCC_WARN_UNDECLARED_SELECTOR = YES;
				GCC_WARN_UNINITIALIZED_AUTOS = YES_AGGRESSIVE;
				GCC_WARN_UNUSED_FUNCTION = YES;
				GCC_WARN_UNUSED_VARIABLE = YES;
				IPHONEOS_DEPLOYMENT_TARGET = 13.2;
				MTL_ENABLE_DEBUG_INFO = NO;
				MTL_FAST_MATH = YES;
				SDKROOT = iphoneos;
				SWIFT_COMPILATION_MODE = wholemodule;
				SWIFT_OPTIMIZATION_LEVEL = "-O";
				VALIDATE_PRODUCT = YES;
			};
			name = Release;
		};
		D9637F3424864A060007A0E7 /* Debug */ = {
			isa = XCBuildConfiguration;
			buildSettings = {
				ASSETCATALOG_COMPILER_APPICON_NAME = AppIcon;
				CODE_SIGN_STYLE = Automatic;
				DEVELOPMENT_TEAM = F8Q38FUM5R;
				INFOPLIST_FILE = Shoppie/Info.plist;
				LD_RUNPATH_SEARCH_PATHS = (
					"$(inherited)",
					"@executable_path/Frameworks",
				);
				PRODUCT_BUNDLE_IDENTIFIER = com.myanmy.Shoppie;
				PRODUCT_NAME = "$(TARGET_NAME)";
				SWIFT_VERSION = 5.0;
				TARGETED_DEVICE_FAMILY = "1,2";
			};
			name = Debug;
		};
		D9637F3524864A060007A0E7 /* Release */ = {
			isa = XCBuildConfiguration;
			buildSettings = {
				ASSETCATALOG_COMPILER_APPICON_NAME = AppIcon;
				CODE_SIGN_STYLE = Automatic;
				DEVELOPMENT_TEAM = F8Q38FUM5R;
				INFOPLIST_FILE = Shoppie/Info.plist;
				LD_RUNPATH_SEARCH_PATHS = (
					"$(inherited)",
					"@executable_path/Frameworks",
				);
				PRODUCT_BUNDLE_IDENTIFIER = com.myanmy.Shoppie;
				PRODUCT_NAME = "$(TARGET_NAME)";
				SWIFT_VERSION = 5.0;
				TARGETED_DEVICE_FAMILY = "1,2";
			};
			name = Release;
		};
/* End XCBuildConfiguration section */

/* Begin XCConfigurationList section */
		D9637F1A24864A010007A0E7 /* Build configuration list for PBXProject "Shoppie" */ = {
			isa = XCConfigurationList;
			buildConfigurations = (
				D9637F3124864A060007A0E7 /* Debug */,
				D9637F3224864A060007A0E7 /* Release */,
			);
			defaultConfigurationIsVisible = 0;
			defaultConfigurationName = Release;
		};
		D9637F3324864A060007A0E7 /* Build configuration list for PBXNativeTarget "Shoppie" */ = {
			isa = XCConfigurationList;
			buildConfigurations = (
				D9637F3424864A060007A0E7 /* Debug */,
				D9637F3524864A060007A0E7 /* Release */,
			);
			defaultConfigurationIsVisible = 0;
			defaultConfigurationName = Release;
		};
/* End XCConfigurationList section */
	};
	rootObject = D9637F1724864A010007A0E7 /* Project object */;
}
